Microsoft Visual Studio Solution File, Format Version 12.00
# Visual Studio Version 17
VisualStudioVersion = 17.5.2.0
MinimumVisualStudioVersion = 10.0.40219.1
Project("{FAE04EC0-301F-11D3-BF4B-00C04F79EFBC}") = "Shoppi.Api", "Shoppi.Api.csproj", "{B4B08228-12F2-BC0B-BB73-E79560C2DD9A}"
EndProject
Global
	GlobalSection(SolutionConfigurationPlatforms) = preSolution
		Debug|Any CPU = Debug|Any CPU
		Release|Any CPU = Release|Any CPU
	EndGlobalSection
	GlobalSection(ProjectConfigurationPlatforms) = postSolution
		{B4B08228-12F2-BC0B-BB73-E79560C2DD9A}.Debug|Any CPU.ActiveCfg = Debug|Any CPU
		{B4B08228-12F2-BC0B-BB73-E79560C2DD9A}.Debug|Any CPU.Build.0 = Debug|Any CPU
		{B4B08228-12F2-BC0B-BB73-E79560C2DD9A}.Release|Any CPU.ActiveCfg = Release|Any CPU
		{B4B08228-12F2-BC0B-BB73-E79560C2DD9A}.Release|Any CPU.Build.0 = Release|Any CPU
	EndGlobalSection
	GlobalSection(SolutionProperties) = preSolution
		HideSolutionNode = FALSE
	EndGlobalSection
	GlobalSection(ExtensibilityGlobals) = postSolution
		SolutionGuid = {8CF20C22-89D9-46FD-8D7F-3FF276FF95B2}
	EndGlobalSection
EndGlobal
